{
  "name": "slowloris",
  "version": "1.0.0",
  "lockfileVersion": 1,
  "requires": true,
  "dependencies": {
    "commander": {
      "version": "1.2.0",
      "resolved": "https://registry.npmjs.org/commander/-/commander-1.2.0.tgz",
      "integrity": "sha1-/VcTv6FTx9bMWZN4patMRcU1Ap4=",
      "requires": {
        "keypress": "0.1.0"
      }
    },
    "keypress": {
      "version": "0.1.0",
      "resolved": "https://registry.npmjs.org/keypress/-/keypress-0.1.0.tgz",
      "integrity": "sha1-SjGI1CkbZrT2XtuZ+AaqmuKTWSo="
    }
  }
}
